
Microsoft Visual Studio Solution File, Format Version 12.00
# Visual Studio 15
VisualStudioVersion = 15.0.28010.2003
MinimumVisualStudioVersion = 10.0.40219.1
Project("{FAE04EC0-301F-11D3-BF4B-00C04F79EFBC}") = "addressbook_web_test", "addressbook_web_test\addressbook_web_test.csproj", "{BA9EA1A0-1EFC-4778-A4E8-4A05AA92CB3F}"
EndProject
Global
	GlobalSection(SolutionConfigurationPlatforms) = preSolution
		Debug|Any CPU = Debug|Any CPU
		Release|Any CPU = Release|Any CPU
	EndGlobalSection
	GlobalSection(ProjectConfigurationPlatforms) = postSolution
		{BA9EA1A0-1EFC-4778-A4E8-4A05AA92CB3F}.Debug|Any CPU.ActiveCfg = Debug|Any CPU
		{BA9EA1A0-1EFC-4778-A4E8-4A05AA92CB3F}.Debug|Any CPU.Build.0 = Debug|Any CPU
		{BA9EA1A0-1EFC-4778-A4E8-4A05AA92CB3F}.Release|Any CPU.ActiveCfg = Release|Any CPU
		{BA9EA1A0-1EFC-4778-A4E8-4A05AA92CB3F}.Release|Any CPU.Build.0 = Release|Any CPU
	EndGlobalSection
	GlobalSection(SolutionProperties) = preSolution
		HideSolutionNode = FALSE
	EndGlobalSection
	GlobalSection(ExtensibilityGlobals) = postSolution
		SolutionGuid = {F8ABEDA6-6E3B-468B-B06A-75F64BDD73E4}
	EndGlobalSection
EndGlobal
